
Microsoft Visual Studio Solution File, Format Version 12.00
# Visual Studio 2013
VisualStudioVersion = 12.0.21005.1
MinimumVisualStudioVersion = 10.0.40219.1
Project("{FAE04EC0-301F-11D3-BF4B-00C04F79EFBC}") = "SlackQcIntegration", "SlackQcIntegration\SlackQcIntegration.csproj", "{AF0107DA-F14E-4A43-B04E-9A9A85B2B53F}"
	ProjectSection(ProjectDependencies) = postProject
		{C0C5BA00-CC0D-40DD-885E-C1205EC38468} = {C0C5BA00-CC0D-40DD-885E-C1205EC38468}
		{A2118A4E-2216-4797-9124-65A5F7DE7890} = {A2118A4E-2216-4797-9124-65A5F7DE7890}
		{1D78CA72-FF7E-4656-9B33-A24B0371381E} = {1D78CA72-FF7E-4656-9B33-A24B0371381E}
	EndProjectSection
EndProject
Project("{FAE04EC0-301F-11D3-BF4B-00C04F79EFBC}") = "SlackApi", "SlackApi\SlackApi.csproj", "{A2118A4E-2216-4797-9124-65A5F7DE7890}"
EndProject
Project("{FAE04EC0-301F-11D3-BF4B-00C04F79EFBC}") = "AlmApi", "AlmApi\AlmApi.csproj", "{1D78CA72-FF7E-4656-9B33-A24B0371381E}"
EndProject
Project("{FAE04EC0-301F-11D3-BF4B-00C04F79EFBC}") = "DBApi", "DBApi\DBApi.csproj", "{C0C5BA00-CC0D-40DD-885E-C1205EC38468}"
EndProject
Global
	GlobalSection(SolutionConfigurationPlatforms) = preSolution
		Debug|Any CPU = Debug|Any CPU
		Release|Any CPU = Release|Any CPU
	EndGlobalSection
	GlobalSection(ProjectConfigurationPlatforms) = postSolution
		{AF0107DA-F14E-4A43-B04E-9A9A85B2B53F}.Debug|Any CPU.ActiveCfg = Debug|Any CPU
		{AF0107DA-F14E-4A43-B04E-9A9A85B2B53F}.Debug|Any CPU.Build.0 = Debug|Any CPU
		{AF0107DA-F14E-4A43-B04E-9A9A85B2B53F}.Release|Any CPU.ActiveCfg = Release|Any CPU
		{AF0107DA-F14E-4A43-B04E-9A9A85B2B53F}.Release|Any CPU.Build.0 = Release|Any CPU
		{A2118A4E-2216-4797-9124-65A5F7DE7890}.Debug|Any CPU.ActiveCfg = Debug|Any CPU
		{A2118A4E-2216-4797-9124-65A5F7DE7890}.Debug|Any CPU.Build.0 = Debug|Any CPU
		{A2118A4E-2216-4797-9124-65A5F7DE7890}.Release|Any CPU.ActiveCfg = Release|Any CPU
		{A2118A4E-2216-4797-9124-65A5F7DE7890}.Release|Any CPU.Build.0 = Release|Any CPU
		{1D78CA72-FF7E-4656-9B33-A24B0371381E}.Debug|Any CPU.ActiveCfg = Debug|Any CPU
		{1D78CA72-FF7E-4656-9B33-A24B0371381E}.Debug|Any CPU.Build.0 = Debug|Any CPU
		{1D78CA72-FF7E-4656-9B33-A24B0371381E}.Release|Any CPU.ActiveCfg = Release|Any CPU
		{1D78CA72-FF7E-4656-9B33-A24B0371381E}.Release|Any CPU.Build.0 = Release|Any CPU
		{C0C5BA00-CC0D-40DD-885E-C1205EC38468}.Debug|Any CPU.ActiveCfg = Debug|Any CPU
		{C0C5BA00-CC0D-40DD-885E-C1205EC38468}.Debug|Any CPU.Build.0 = Debug|Any CPU
		{C0C5BA00-CC0D-40DD-885E-C1205EC38468}.Release|Any CPU.ActiveCfg = Release|Any CPU
		{C0C5BA00-CC0D-40DD-885E-C1205EC38468}.Release|Any CPU.Build.0 = Release|Any CPU
	EndGlobalSection
	GlobalSection(SolutionProperties) = preSolution
		HideSolutionNode = FALSE
	EndGlobalSection
EndGlobal
